
Microsoft Visual Studio Solution File, Format Version 12.00
# Visual Studio 15
VisualStudioVersion = 15.0.27428.2037
MinimumVisualStudioVersion = 10.0.40219.1
Project("{FAE04EC0-301F-11D3-BF4B-00C04F79EFBC}") = "be4care.Android", "be4care\be4care.Android\be4care.Android.csproj", "{31A03BD8-E4ED-44FA-A325-70C0A7451D33}"
EndProject
Project("{FAE04EC0-301F-11D3-BF4B-00C04F79EFBC}") = "be4care.iOS", "be4care\be4care.iOS\be4care.iOS.csproj", "{85DFC5B2-88BE-43AC-9024-0ED354C174F6}"
EndProject
Project("{FAE04EC0-301F-11D3-BF4B-00C04F79EFBC}") = "be4care.UWP", "be4care\be4care.UWP\be4care.UWP.csproj", "{BCC56F94-B4A6-4EE6-89C0-0C95A9033769}"
EndProject
Project("{FAE04EC0-301F-11D3-BF4B-00C04F79EFBC}") = "be4care", "be4care\be4care\be4care.csproj", "{B62C005C-6B2D-4567-BC3A-5305AECEEFB1}"
EndProject
Global
	GlobalSection(SolutionConfigurationPlatforms) = preSolution
		Ad-Hoc|Any CPU = Ad-Hoc|Any CPU
		Ad-Hoc|ARM = Ad-Hoc|ARM
		Ad-Hoc|iPhone = Ad-Hoc|iPhone
		Ad-Hoc|iPhoneSimulator = Ad-Hoc|iPhoneSimulator
		Ad-Hoc|x64 = Ad-Hoc|x64
		Ad-Hoc|x86 = Ad-Hoc|x86
		AppStore|Any CPU = AppStore|Any CPU
		AppStore|ARM = AppStore|ARM
		AppStore|iPhone = AppStore|iPhone
		AppStore|iPhoneSimulator = AppStore|iPhoneSimulator
		AppStore|x64 = AppStore|x64
		AppStore|x86 = AppStore|x86
		Debug|Any CPU = Debug|Any CPU
		Debug|ARM = Debug|ARM
		Debug|iPhone = Debug|iPhone
		Debug|iPhoneSimulator = Debug|iPhoneSimulator
		Debug|x64 = Debug|x64
		Debug|x86 = Debug|x86
		Release|Any CPU = Release|Any CPU
		Release|ARM = Release|ARM
		Release|iPhone = Release|iPhone
		Release|iPhoneSimulator = Release|iPhoneSimulator
		Release|x64 = Release|x64
		Release|x86 = Release|x86
	EndGlobalSection
	GlobalSection(ProjectConfigurationPlatforms) = postSolution
		{31A03BD8-E4ED-44FA-A325-70C0A7451D33}.Ad-Hoc|Any CPU.ActiveCfg = Release|Any CPU
		{31A03BD8-E4ED-44FA-A325-70C0A7451D33}.Ad-Hoc|Any CPU.Build.0 = Release|Any CPU
		{31A03BD8-E4ED-44FA-A325-70C0A7451D33}.Ad-Hoc|Any CPU.Deploy.0 = Release|Any CPU
		{31A03BD8-E4ED-44FA-A325-70C0A7451D33}.Ad-Hoc|ARM.ActiveCfg = Release|Any CPU
		{31A03BD8-E4ED-44FA-A325-70C0A7451D33}.Ad-Hoc|ARM.Build.0 = Release|Any CPU
		{31A03BD8-E4ED-44FA-A325-70C0A7451D33}.Ad-Hoc|ARM.Deploy.0 = Release|Any CPU
		{31A03BD8-E4ED-44FA-A325-70C0A7451D33}.Ad-Hoc|iPhone.ActiveCfg = Release|Any CPU
		{31A03BD8-E4ED-44FA-A325-70C0A7451D33}.Ad-Hoc|iPhone.Build.0 = Release|Any CPU
		{31A03BD8-E4ED-44FA-A325-70C0A7451D33}.Ad-Hoc|iPhone.Deploy.0 = Release|Any CPU
		{31A03BD8-E4ED-44FA-A325-70C0A7451D33}.Ad-Hoc|iPhoneSimulator.ActiveCfg = Release|Any CPU
		{31A03BD8-E4ED-44FA-A325-70C0A7451D33}.Ad-Hoc|iPhoneSimulator.Build.0 = Release|Any CPU
		{31A03BD8-E4ED-44FA-A325-70C0A7451D33}.Ad-Hoc|iPhoneSimulator.Deploy.0 = Release|Any CPU
		{31A03BD8-E4ED-44FA-A325-70C0A7451D33}.Ad-Hoc|x64.ActiveCfg = Release|Any CPU
		{31A03BD8-E4ED-44FA-A325-70C0A7451D33}.Ad-Hoc|x64.Build.0 = Release|Any CPU
		{31A03BD8-E4ED-44FA-A325-70C0A7451D33}.Ad-Hoc|x64.Deploy.0 = Release|Any CPU
		{31A03BD8-E4ED-44FA-A325-70C0A7451D33}.Ad-Hoc|x86.ActiveCfg = Release|Any CPU
		{31A03BD8-E4ED-44FA-A325-70C0A7451D33}.Ad-Hoc|x86.Build.0 = Release|Any CPU
		{31A03BD8-E4ED-44FA-A325-70C0A7451D33}.Ad-Hoc|x86.Deploy.0 = Release|Any CPU
		{31A03BD8-E4ED-44FA-A325-70C0A7451D33}.AppStore|Any CPU.ActiveCfg = Release|Any CPU
		{31A03BD8-E4ED-44FA-A325-70C0A7451D33}.AppStore|Any CPU.Build.0 = Release|Any CPU
		{31A03BD8-E4ED-44FA-A325-70C0A7451D33}.AppStore|Any CPU.Deploy.0 = Release|Any CPU
		{31A03BD8-E4ED-44FA-A325-70C0A7451D33}.AppStore|ARM.ActiveCfg = Release|Any CPU
		{31A03BD8-E4ED-44FA-A325-70C0A7451D33}.AppStore|ARM.Build.0 = Release|Any CPU
		{31A03BD8-E4ED-44FA-A325-70C0A7451D33}.AppStore|ARM.Deploy.0 = Release|Any CPU
		{31A03BD8-E4ED-44FA-A325-70C0A7451D33}.AppStore|iPhone.ActiveCfg = Release|Any CPU
		{31A03BD8-E4ED-44FA-A325-70C0A7451D33}.AppStore|iPhone.Build.0 = Release|Any CPU
		{31A03BD8-E4ED-44FA-A325-70C0A7451D33}.AppStore|iPhone.Deploy.0 = Release|Any CPU
		{31A03BD8-E4ED-44FA-A325-70C0A7451D33}.AppStore|iPhoneSimulator.ActiveCfg = Release|Any CPU
		{31A03BD8-E4ED-44FA-A325-70C0A7451D33}.AppStore|iPhoneSimulator.Build.0 = Release|Any CPU
		{31A03BD8-E4ED-44FA-A325-70C0A7451D33}.AppStore|iPhoneSimulator.Deploy.0 = Release|Any CPU
		{31A03BD8-E4ED-44FA-A325-70C0A7451D33}.AppStore|x64.ActiveCfg = Release|Any CPU
		{31A03BD8-E4ED-44FA-A325-70C0A7451D33}.AppStore|x64.Build.0 = Release|Any CPU
		{31A03BD8-E4ED-44FA-A325-70C0A7451D33}.AppStore|x64.Deploy.0 = Release|Any CPU
		{31A03BD8-E4ED-44FA-A325-70C0A7451D33}.AppStore|x86.ActiveCfg = Release|Any CPU
		{31A03BD8-E4ED-44FA-A325-70C0A7451D33}.AppStore|x86.Build.0 = Release|Any CPU
		{31A03BD8-E4ED-44FA-A325-70C0A7451D33}.AppStore|x86.Deploy.0 = Release|Any CPU
		{31A03BD8-E4ED-44FA-A325-70C0A7451D33}.Debug|Any CPU.ActiveCfg = Debug|Any CPU
		{31A03BD8-E4ED-44FA-A325-70C0A7451D33}.Debug|Any CPU.Build.0 = Debug|Any CPU
		{31A03BD8-E4ED-44FA-A325-70C0A7451D33}.Debug|Any CPU.Deploy.0 = Debug|Any CPU
		{31A03BD8-E4ED-44FA-A325-70C0A7451D33}.Debug|ARM.ActiveCfg = Debug|Any CPU
		{31A03BD8-E4ED-44FA-A325-70C0A7451D33}.Debug|ARM.Build.0 = Debug|Any CPU
		{31A03BD8-E4ED-44FA-A325-70C0A7451D33}.Debug|ARM.Deploy.0 = Debug|Any CPU
		{31A03BD8-E4ED-44FA-A325-70C0A7451D33}.Debug|iPhone.ActiveCfg = Debug|Any CPU
		{31A03BD8-E4ED-44FA-A325-70C0A7451D33}.Debug|iPhone.Build.0 = Debug|Any CPU
		{31A03BD8-E4ED-44FA-A325-70C0A7451D33}.Debug|iPhone.Deploy.0 = Debug|Any CPU
		{31A03BD8-E4ED-44FA-A325-70C0A7451D33}.Debug|iPhoneSimulator.ActiveCfg = Debug|Any CPU
		{31A03BD8-E4ED-44FA-A325-70C0A7451D33}.Debug|iPhoneSimulator.Build.0 = Debug|Any CPU
		{31A03BD8-E4ED-44FA-A325-70C0A7451D33}.Debug|iPhoneSimulator.Deploy.0 = Debug|Any CPU
		{31A03BD8-E4ED-44FA-A325-70C0A7451D33}.Debug|x64.ActiveCfg = Debug|Any CPU
		{31A03BD8-E4ED-44FA-A325-70C0A7451D33}.Debug|x64.Build.0 = Debug|Any CPU
		{31A03BD8-E4ED-44FA-A325-70C0A7451D33}.Debug|x64.Deploy.0 = Debug|Any CPU
		{31A03BD8-E4ED-44FA-A325-70C0A7451D33}.Debug|x86.ActiveCfg = Debug|Any CPU
		{31A03BD8-E4ED-44FA-A325-70C0A7451D33}.Debug|x86.Build.0 = Debug|Any CPU
		{31A03BD8-E4ED-44FA-A325-70C0A7451D33}.Debug|x86.Deploy.0 = Debug|Any CPU
		{31A03BD8-E4ED-44FA-A325-70C0A7451D33}.Release|Any CPU.ActiveCfg = Release|Any CPU
		{31A03BD8-E4ED-44FA-A325-70C0A7451D33}.Release|Any CPU.Build.0 = Release|Any CPU
		{31A03BD8-E4ED-44FA-A325-70C0A7451D33}.Release|Any CPU.Deploy.0 = Release|Any CPU
		{31A03BD8-E4ED-44FA-A325-70C0A7451D33}.Release|ARM.ActiveCfg = Release|Any CPU
		{31A03BD8-E4ED-44FA-A325-70C0A7451D33}.Release|ARM.Build.0 = Release|Any CPU
		{31A03BD8-E4ED-44FA-A325-70C0A7451D33}.Release|ARM.Deploy.0 = Release|Any CPU
		{31A03BD8-E4ED-44FA-A325-70C0A7451D33}.Release|iPhone.ActiveCfg = Release|Any CPU
		{31A03BD8-E4ED-44FA-A325-70C0A7451D33}.Release|iPhone.Build.0 = Release|Any CPU
		{31A03BD8-E4ED-44FA-A325-70C0A7451D33}.Release|iPhone.Deploy.0 = Release|Any CPU
		{31A03BD8-E4ED-44FA-A325-70C0A7451D33}.Release|iPhoneSimulator.ActiveCfg = Release|Any CPU
		{31A03BD8-E4ED-44FA-A325-70C0A7451D33}.Release|iPhoneSimulator.Build.0 = Release|Any CPU
		{31A03BD8-E4ED-44FA-A325-70C0A7451D33}.Release|iPhoneSimulator.Deploy.0 = Release|Any CPU
		{31A03BD8-E4ED-44FA-A325-70C0A7451D33}.Release|x64.ActiveCfg = Release|Any CPU
		{31A03BD8-E4ED-44FA-A325-70C0A7451D33}.Release|x64.Build.0 = Release|Any CPU
		{31A03BD8-E4ED-44FA-A325-70C0A7451D33}.Release|x64.Deploy.0 = Release|Any CPU
		{31A03BD8-E4ED-44FA-A325-70C0A7451D33}.Release|x86.ActiveCfg = Release|Any CPU
		{31A03BD8-E4ED-44FA-A325-70C0A7451D33}.Release|x86.Build.0 = Release|Any CPU
		{31A03BD8-E4ED-44FA-A325-70C0A7451D33}.Release|x86.Deploy.0 = Release|Any CPU
		{85DFC5B2-88BE-43AC-9024-0ED354C174F6}.Ad-Hoc|Any CPU.ActiveCfg = Ad-Hoc|iPhone
		{85DFC5B2-88BE-43AC-9024-0ED354C174F6}.Ad-Hoc|ARM.ActiveCfg = Ad-Hoc|iPhone
		{85DFC5B2-88BE-43AC-9024-0ED354C174F6}.Ad-Hoc|iPhone.ActiveCfg = Ad-Hoc|iPhone
		{85DFC5B2-88BE-43AC-9024-0ED354C174F6}.Ad-Hoc|iPhone.Build.0 = Ad-Hoc|iPhone
		{85DFC5B2-88BE-43AC-9024-0ED354C174F6}.Ad-Hoc|iPhoneSimulator.ActiveCfg = Ad-Hoc|iPhoneSimulator
		{85DFC5B2-88BE-43AC-9024-0ED354C174F6}.Ad-Hoc|iPhoneSimulator.Build.0 = Ad-Hoc|iPhoneSimulator
		{85DFC5B2-88BE-43AC-9024-0ED354C174F6}.Ad-Hoc|x64.ActiveCfg = Ad-Hoc|iPhone
		{85DFC5B2-88BE-43AC-9024-0ED354C174F6}.Ad-Hoc|x86.ActiveCfg = Ad-Hoc|iPhone
		{85DFC5B2-88BE-43AC-9024-0ED354C174F6}.AppStore|Any CPU.ActiveCfg = AppStore|iPhone
		{85DFC5B2-88BE-43AC-9024-0ED354C174F6}.AppStore|ARM.ActiveCfg = AppStore|iPhone
		{85DFC5B2-88BE-43AC-9024-0ED354C174F6}.AppStore|iPhone.ActiveCfg = AppStore|iPhone
		{85DFC5B2-88BE-43AC-9024-0ED354C174F6}.AppStore|iPhone.Build.0 = AppStore|iPhone
		{85DFC5B2-88BE-43AC-9024-0ED354C174F6}.AppStore|iPhoneSimulator.ActiveCfg = AppStore|iPhoneSimulator
		{85DFC5B2-88BE-43AC-9024-0ED354C174F6}.AppStore|iPhoneSimulator.Build.0 = AppStore|iPhoneSimulator
		{85DFC5B2-88BE-43AC-9024-0ED354C174F6}.AppStore|x64.ActiveCfg = AppStore|iPhone
		{85DFC5B2-88BE-43AC-9024-0ED354C174F6}.AppStore|x86.ActiveCfg = AppStore|iPhone
		{85DFC5B2-88BE-43AC-9024-0ED354C174F6}.Debug|Any CPU.ActiveCfg = Debug|iPhone
		{85DFC5B2-88BE-43AC-9024-0ED354C174F6}.Debug|ARM.ActiveCfg = Debug|iPhone
		{85DFC5B2-88BE-43AC-9024-0ED354C174F6}.Debug|iPhone.ActiveCfg = Debug|iPhone
		{85DFC5B2-88BE-43AC-9024-0ED354C174F6}.Debug|iPhone.Build.0 = Debug|iPhone
		{85DFC5B2-88BE-43AC-9024-0ED354C174F6}.Debug|iPhoneSimulator.ActiveCfg = Debug|iPhoneSimulator
		{85DFC5B2-88BE-43AC-9024-0ED354C174F6}.Debug|iPhoneSimulator.Build.0 = Debug|iPhoneSimulator
		{85DFC5B2-88BE-43AC-9024-0ED354C174F6}.Debug|x64.ActiveCfg = Debug|iPhone
		{85DFC5B2-88BE-43AC-9024-0ED354C174F6}.Debug|x86.ActiveCfg = Debug|iPhone
		{85DFC5B2-88BE-43AC-9024-0ED354C174F6}.Release|Any CPU.ActiveCfg = Release|iPhone
		{85DFC5B2-88BE-43AC-9024-0ED354C174F6}.Release|ARM.ActiveCfg = Release|iPhone
		{85DFC5B2-88BE-43AC-9024-0ED354C174F6}.Release|iPhone.ActiveCfg = Release|iPhone
		{85DFC5B2-88BE-43AC-9024-0ED354C174F6}.Release|iPhone.Build.0 = Release|iPhone
		{85DFC5B2-88BE-43AC-9024-0ED354C174F6}.Release|iPhoneSimulator.ActiveCfg = Release|iPhoneSimulator
		{85DFC5B2-88BE-43AC-9024-0ED354C174F6}.Release|iPhoneSimulator.Build.0 = Release|iPhoneSimulator
		{85DFC5B2-88BE-43AC-9024-0ED354C174F6}.Release|x64.ActiveCfg = Release|iPhone
		{85DFC5B2-88BE-43AC-9024-0ED354C174F6}.Release|x86.ActiveCfg = Release|iPhone
		{BCC56F94-B4A6-4EE6-89C0-0C95A9033769}.Ad-Hoc|Any CPU.ActiveCfg = Release|x86
		{BCC56F94-B4A6-4EE6-89C0-0C95A9033769}.Ad-Hoc|Any CPU.Build.0 = Release|x86
		{BCC56F94-B4A6-4EE6-89C0-0C95A9033769}.Ad-Hoc|Any CPU.Deploy.0 = Release|x86
		{BCC56F94-B4A6-4EE6-89C0-0C95A9033769}.Ad-Hoc|ARM.ActiveCfg = Release|ARM
		{BCC56F94-B4A6-4EE6-89C0-0C95A9033769}.Ad-Hoc|ARM.Build.0 = Release|ARM
		{BCC56F94-B4A6-4EE6-89C0-0C95A9033769}.Ad-Hoc|ARM.Deploy.0 = Release|ARM
		{BCC56F94-B4A6-4EE6-89C0-0C95A9033769}.Ad-Hoc|iPhone.ActiveCfg = Release|x86
		{BCC56F94-B4A6-4EE6-89C0-0C95A9033769}.Ad-Hoc|iPhone.Build.0 = Release|x86
		{BCC56F94-B4A6-4EE6-89C0-0C95A9033769}.Ad-Hoc|iPhone.Deploy.0 = Release|x86
		{BCC56F94-B4A6-4EE6-89C0-0C95A9033769}.Ad-Hoc|iPhoneSimulator.ActiveCfg = Release|x86
		{BCC56F94-B4A6-4EE6-89C0-0C95A9033769}.Ad-Hoc|iPhoneSimulator.Build.0 = Release|x86
		{BCC56F94-B4A6-4EE6-89C0-0C95A9033769}.Ad-Hoc|iPhoneSimulator.Deploy.0 = Release|x86
		{BCC56F94-B4A6-4EE6-89C0-0C95A9033769}.Ad-Hoc|x64.ActiveCfg = Release|x64
		{BCC56F94-B4A6-4EE6-89C0-0C95A9033769}.Ad-Hoc|x64.Build.0 = Release|x64
		{BCC56F94-B4A6-4EE6-89C0-0C95A9033769}.Ad-Hoc|x64.Deploy.0 = Release|x64
		{BCC56F94-B4A6-4EE6-89C0-0C95A9033769}.Ad-Hoc|x86.ActiveCfg = Release|x86
		{BCC56F94-B4A6-4EE6-89C0-0C95A9033769}.Ad-Hoc|x86.Build.0 = Release|x86
		{BCC56F94-B4A6-4EE6-89C0-0C95A9033769}.Ad-Hoc|x86.Deploy.0 = Release|x86
		{BCC56F94-B4A6-4EE6-89C0-0C95A9033769}.AppStore|Any CPU.ActiveCfg = Release|x86
		{BCC56F94-B4A6-4EE6-89C0-0C95A9033769}.AppStore|Any CPU.Build.0 = Release|x86
		{BCC56F94-B4A6-4EE6-89C0-0C95A9033769}.AppStore|Any CPU.Deploy.0 = Release|x86
		{BCC56F94-B4A6-4EE6-89C0-0C95A9033769}.AppStore|ARM.ActiveCfg = Release|ARM
		{BCC56F94-B4A6-4EE6-89C0-0C95A9033769}.AppStore|ARM.Build.0 = Release|ARM
		{BCC56F94-B4A6-4EE6-89C0-0C95A9033769}.AppStore|ARM.Deploy.0 = Release|ARM
		{BCC56F94-B4A6-4EE6-89C0-0C95A9033769}.AppStore|iPhone.ActiveCfg = Release|x86
		{BCC56F94-B4A6-4EE6-89C0-0C95A9033769}.AppStore|iPhone.Build.0 = Release|x86
		{BCC56F94-B4A6-4EE6-89C0-0C95A9033769}.AppStore|iPhone.Deploy.0 = Release|x86
		{BCC56F94-B4A6-4EE6-89C0-0C95A9033769}.AppStore|iPhoneSimulator.ActiveCfg = Release|x86
		{BCC56F94-B4A6-4EE6-89C0-0C95A9033769}.AppStore|iPhoneSimulator.Build.0 = Release|x86
		{BCC56F94-B4A6-4EE6-89C0-0C95A9033769}.AppStore|iPhoneSimulator.Deploy.0 = Release|x86
		{BCC56F94-B4A6-4EE6-89C0-0C95A9033769}.AppStore|x64.ActiveCfg = Release|x64
		{BCC56F94-B4A6-4EE6-89C0-0C95A9033769}.AppStore|x64.Build.0 = Release|x64
		{BCC56F94-B4A6-4EE6-89C0-0C95A9033769}.AppStore|x64.Deploy.0 = Release|x64
		{BCC56F94-B4A6-4EE6-89C0-0C95A9033769}.AppStore|x86.ActiveCfg = Release|x86
		{BCC56F94-B4A6-4EE6-89C0-0C95A9033769}.AppStore|x86.Build.0 = Release|x86
		{BCC56F94-B4A6-4EE6-89C0-0C95A9033769}.AppStore|x86.Deploy.0 = Release|x86
		{BCC56F94-B4A6-4EE6-89C0-0C95A9033769}.Debug|Any CPU.ActiveCfg = Debug|x86
		{BCC56F94-B4A6-4EE6-89C0-0C95A9033769}.Debug|ARM.ActiveCfg = Debug|ARM
		{BCC56F94-B4A6-4EE6-89C0-0C95A9033769}.Debug|ARM.Build.0 = Debug|ARM
		{BCC56F94-B4A6-4EE6-89C0-0C95A9033769}.Debug|ARM.Deploy.0 = Debug|ARM
		{BCC56F94-B4A6-4EE6-89C0-0C95A9033769}.Debug|iPhone.ActiveCfg = Debug|x86
		{BCC56F94-B4A6-4EE6-89C0-0C95A9033769}.Debug|iPhoneSimulator.ActiveCfg = Debug|x86
		{BCC56F94-B4A6-4EE6-89C0-0C95A9033769}.Debug|x64.ActiveCfg = Debug|x64
		{BCC56F94-B4A6-4EE6-89C0-0C95A9033769}.Debug|x64.Build.0 = Debug|x64
		{BCC56F94-B4A6-4EE6-89C0-0C95A9033769}.Debug|x64.Deploy.0 = Debug|x64
		{BCC56F94-B4A6-4EE6-89C0-0C95A9033769}.Debug|x86.ActiveCfg = Debug|x86
		{BCC56F94-B4A6-4EE6-89C0-0C95A9033769}.Debug|x86.Build.0 = Debug|x86
		{BCC56F94-B4A6-4EE6-89C0-0C95A9033769}.Debug|x86.Deploy.0 = Debug|x86
		{BCC56F94-B4A6-4EE6-89C0-0C95A9033769}.Release|Any CPU.ActiveCfg = Release|x86
		{BCC56F94-B4A6-4EE6-89C0-0C95A9033769}.Release|ARM.ActiveCfg = Release|ARM
		{BCC56F94-B4A6-4EE6-89C0-0C95A9033769}.Release|ARM.Build.0 = Release|ARM
		{BCC56F94-B4A6-4EE6-89C0-0C95A9033769}.Release|ARM.Deploy.0 = Release|ARM
		{BCC56F94-B4A6-4EE6-89C0-0C95A9033769}.Release|iPhone.ActiveCfg = Release|x86
		{BCC56F94-B4A6-4EE6-89C0-0C95A9033769}.Release|iPhoneSimulator.ActiveCfg = Release|x86
		{BCC56F94-B4A6-4EE6-89C0-0C95A9033769}.Release|x64.ActiveCfg = Release|x64
		{BCC56F94-B4A6-4EE6-89C0-0C95A9033769}.Release|x64.Build.0 = Release|x64
		{BCC56F94-B4A6-4EE6-89C0-0C95A9033769}.Release|x64.Deploy.0 = Release|x64
		{BCC56F94-B4A6-4EE6-89C0-0C95A9033769}.Release|x86.ActiveCfg = Release|x86
		{BCC56F94-B4A6-4EE6-89C0-0C95A9033769}.Release|x86.Build.0 = Release|x86
		{BCC56F94-B4A6-4EE6-89C0-0C95A9033769}.Release|x86.Deploy.0 = Release|x86
		{B62C005C-6B2D-4567-BC3A-5305AECEEFB1}.Ad-Hoc|Any CPU.ActiveCfg = Debug|Any CPU
		{B62C005C-6B2D-4567-BC3A-5305AECEEFB1}.Ad-Hoc|Any CPU.Build.0 = Debug|Any CPU
		{B62C005C-6B2D-4567-BC3A-5305AECEEFB1}.Ad-Hoc|ARM.ActiveCfg = Debug|Any CPU
		{B62C005C-6B2D-4567-BC3A-5305AECEEFB1}.Ad-Hoc|ARM.Build.0 = Debug|Any CPU
		{B62C005C-6B2D-4567-BC3A-5305AECEEFB1}.Ad-Hoc|iPhone.ActiveCfg = Debug|Any CPU
		{B62C005C-6B2D-4567-BC3A-5305AECEEFB1}.Ad-Hoc|iPhone.Build.0 = Debug|Any CPU
		{B62C005C-6B2D-4567-BC3A-5305AECEEFB1}.Ad-Hoc|iPhoneSimulator.ActiveCfg = Debug|Any CPU
		{B62C005C-6B2D-4567-BC3A-5305AECEEFB1}.Ad-Hoc|iPhoneSimulator.Build.0 = Debug|Any CPU
		{B62C005C-6B2D-4567-BC3A-5305AECEEFB1}.Ad-Hoc|x64.ActiveCfg = Debug|Any CPU
		{B62C005C-6B2D-4567-BC3A-5305AECEEFB1}.Ad-Hoc|x64.Build.0 = Debug|Any CPU
		{B62C005C-6B2D-4567-BC3A-5305AECEEFB1}.Ad-Hoc|x86.ActiveCfg = Debug|Any CPU
		{B62C005C-6B2D-4567-BC3A-5305AECEEFB1}.Ad-Hoc|x86.Build.0 = Debug|Any CPU
		{B62C005C-6B2D-4567-BC3A-5305AECEEFB1}.AppStore|Any CPU.ActiveCfg = Debug|Any CPU
		{B62C005C-6B2D-4567-BC3A-5305AECEEFB1}.AppStore|Any CPU.Build.0 = Debug|Any CPU
		{B62C005C-6B2D-4567-BC3A-5305AECEEFB1}.AppStore|ARM.ActiveCfg = Debug|Any CPU
		{B62C005C-6B2D-4567-BC3A-5305AECEEFB1}.AppStore|ARM.Build.0 = Debug|Any CPU
		{B62C005C-6B2D-4567-BC3A-5305AECEEFB1}.AppStore|iPhone.ActiveCfg = Debug|Any CPU
		{B62C005C-6B2D-4567-BC3A-5305AECEEFB1}.AppStore|iPhone.Build.0 = Debug|Any CPU
		{B62C005C-6B2D-4567-BC3A-5305AECEEFB1}.AppStore|iPhoneSimulator.ActiveCfg = Debug|Any CPU
		{B62C005C-6B2D-4567-BC3A-5305AECEEFB1}.AppStore|iPhoneSimulator.Build.0 = Debug|Any CPU
		{B62C005C-6B2D-4567-BC3A-5305AECEEFB1}.AppStore|x64.ActiveCfg = Debug|Any CPU
		{B62C005C-6B2D-4567-BC3A-5305AECEEFB1}.AppStore|x64.Build.0 = Debug|Any CPU
		{B62C005C-6B2D-4567-BC3A-5305AECEEFB1}.AppStore|x86.ActiveCfg = Debug|Any CPU
		{B62C005C-6B2D-4567-BC3A-5305AECEEFB1}.AppStore|x86.Build.0 = Debug|Any CPU
		{B62C005C-6B2D-4567-BC3A-5305AECEEFB1}.Debug|Any CPU.ActiveCfg = Debug|Any CPU
		{B62C005C-6B2D-4567-BC3A-5305AECEEFB1}.Debug|Any CPU.Build.0 = Debug|Any CPU
		{B62C005C-6B2D-4567-BC3A-5305AECEEFB1}.Debug|ARM.ActiveCfg = Debug|Any CPU
		{B62C005C-6B2D-4567-BC3A-5305AECEEFB1}.Debug|ARM.Build.0 = Debug|Any CPU
		{B62C005C-6B2D-4567-BC3A-5305AECEEFB1}.Debug|iPhone.ActiveCfg = Debug|Any CPU
		{B62C005C-6B2D-4567-BC3A-5305AECEEFB1}.Debug|iPhone.Build.0 = Debug|Any CPU
		{B62C005C-6B2D-4567-BC3A-5305AECEEFB1}.Debug|iPhoneSimulator.ActiveCfg = Debug|Any CPU
		{B62C005C-6B2D-4567-BC3A-5305AECEEFB1}.Debug|iPhoneSimulator.Build.0 = Debug|Any CPU
		{B62C005C-6B2D-4567-BC3A-5305AECEEFB1}.Debug|x64.ActiveCfg = Debug|Any CPU
		{B62C005C-6B2D-4567-BC3A-5305AECEEFB1}.Debug|x64.Build.0 = Debug|Any CPU
		{B62C005C-6B2D-4567-BC3A-5305AECEEFB1}.Debug|x86.ActiveCfg = Debug|Any CPU
		{B62C005C-6B2D-4567-BC3A-5305AECEEFB1}.Debug|x86.Build.0 = Debug|Any CPU
		{B62C005C-6B2D-4567-BC3A-5305AECEEFB1}.Release|Any CPU.ActiveCfg = Release|Any CPU
		{B62C005C-6B2D-4567-BC3A-5305AECEEFB1}.Release|Any CPU.Build.0 = Release|Any CPU
		{B62C005C-6B2D-4567-BC3A-5305AECEEFB1}.Release|ARM.ActiveCfg = Release|Any CPU
		{B62C005C-6B2D-4567-BC3A-5305AECEEFB1}.Release|ARM.Build.0 = Release|Any CPU
		{B62C005C-6B2D-4567-BC3A-5305AECEEFB1}.Release|iPhone.ActiveCfg = Release|Any CPU
		{B62C005C-6B2D-4567-BC3A-5305AECEEFB1}.Release|iPhone.Build.0 = Release|Any CPU
		{B62C005C-6B2D-4567-BC3A-5305AECEEFB1}.Release|iPhoneSimulator.ActiveCfg = Release|Any CPU
		{B62C005C-6B2D-4567-BC3A-5305AECEEFB1}.Release|iPhoneSimulator.Build.0 = Release|Any CPU
		{B62C005C-6B2D-4567-BC3A-5305AECEEFB1}.Release|x64.ActiveCfg = Release|Any CPU
		{B62C005C-6B2D-4567-BC3A-5305AECEEFB1}.Release|x64.Build.0 = Release|Any CPU
		{B62C005C-6B2D-4567-BC3A-5305AECEEFB1}.Release|x86.ActiveCfg = Release|Any CPU
		{B62C005C-6B2D-4567-BC3A-5305AECEEFB1}.Release|x86.Build.0 = Release|Any CPU
	EndGlobalSection
	GlobalSection(SolutionProperties) = preSolution
		HideSolutionNode = FALSE
	EndGlobalSection
	GlobalSection(ExtensibilityGlobals) = postSolution
		SolutionGuid = {B177B949-0E0D-4C4D-8686-4DE9912F50C3}
	EndGlobalSection
EndGlobal
